
Microsoft Visual Studio Solution File, Format Version 12.00
# Visual Studio Version 17
VisualStudioVersion = 17.11.35103.136
MinimumVisualStudioVersion = 10.0.40219.1
Project("{FAE04EC0-301F-11D3-BF4B-00C04F79EFBC}") = "ElmaAlternatives", "ElmaAlternatives\ElmaAlternatives.csproj", "{8414B3EF-910A-4A23-83F1-E23BC3F30FD9}"
EndProject
Project("{2150E333-8FDC-42A3-9474-1A3956D46DE8}") = "Solution Items", "Solution Items", "{D706E747-CCAE-493E-B7F4-139203992787}"
	ProjectSection(SolutionItems) = preProject
		README.MD = README.MD
	EndProjectSection
EndProject
Project("{2150E333-8FDC-42A3-9474-1A3956D46DE8}") = "INFO", "INFO", "{29ECBB37-8A78-451E-8395-32202A382E53}"
EndProject
Project("{2150E333-8FDC-42A3-9474-1A3956D46DE8}") = "Megapolis_DocNet", "Megapolis_DocNet", "{83D1CAF9-235D-4E22-B356-DD01CF4FAA15}"
	ProjectSection(SolutionItems) = preProject
		INFO\Megapolis_DocNet\README.MD = INFO\Megapolis_DocNet\README.MD
	EndProjectSection
EndProject
Global
	GlobalSection(SolutionConfigurationPlatforms) = preSolution
		Debug|Any CPU = Debug|Any CPU
		Release|Any CPU = Release|Any CPU
	EndGlobalSection
	GlobalSection(ProjectConfigurationPlatforms) = postSolution
		{8414B3EF-910A-4A23-83F1-E23BC3F30FD9}.Debug|Any CPU.ActiveCfg = Debug|Any CPU
		{8414B3EF-910A-4A23-83F1-E23BC3F30FD9}.Debug|Any CPU.Build.0 = Debug|Any CPU
		{8414B3EF-910A-4A23-83F1-E23BC3F30FD9}.Release|Any CPU.ActiveCfg = Release|Any CPU
		{8414B3EF-910A-4A23-83F1-E23BC3F30FD9}.Release|Any CPU.Build.0 = Release|Any CPU
	EndGlobalSection
	GlobalSection(SolutionProperties) = preSolution
		HideSolutionNode = FALSE
	EndGlobalSection
	GlobalSection(NestedProjects) = preSolution
		{83D1CAF9-235D-4E22-B356-DD01CF4FAA15} = {29ECBB37-8A78-451E-8395-32202A382E53}
	EndGlobalSection
	GlobalSection(ExtensibilityGlobals) = postSolution
		SolutionGuid = {72C1FF7E-4AC4-4E9D-AD2F-BF1F6ED60BF8}
	EndGlobalSection
EndGlobal
